
Microsoft Visual Studio Solution File, Format Version 12.00
# Visual Studio Version 16
VisualStudioVersion = 16.0.32407.337
MinimumVisualStudioVersion = 10.0.40219.1
Project("{9A19103F-16F7-4668-BE54-9A1E7A4F7556}") = "SistematicoCuatro", "SistematicoCuatro\SistematicoCuatro.csproj", "{0DF98486-F3F0-4DC6-8146-934DEFEEB32D}"
EndProject
Project("{9A19103F-16F7-4668-BE54-9A1E7A4F7556}") = "SistematicoCuatro.Domain", "SistematicoCuatro.Domain\SistematicoCuatro.Domain.csproj", "{C4CD2D63-632A-44F5-9DC6-5BFC9727D66D}"
EndProject
Project("{9A19103F-16F7-4668-BE54-9A1E7A4F7556}") = "SistematicoCuatro.Infraestructure", "SistematicoCuatro.Infraestructure\SistematicoCuatro.Infraestructure.csproj", "{FED25DF6-F058-4396-86A8-6C523EC70389}"
EndProject
Project("{FAE04EC0-301F-11D3-BF4B-00C04F79EFBC}") = "SistematicoCuatro.AppCore", "SistematicoCuatro.AppCore\SistematicoCuatro.AppCore.csproj", "{5755C9C0-02AB-403D-8926-CDCD62399CD4}"
EndProject
Global
	GlobalSection(SolutionConfigurationPlatforms) = preSolution
		Debug|Any CPU = Debug|Any CPU
		Release|Any CPU = Release|Any CPU
	EndGlobalSection
	GlobalSection(ProjectConfigurationPlatforms) = postSolution
		{0DF98486-F3F0-4DC6-8146-934DEFEEB32D}.Debug|Any CPU.ActiveCfg = Debug|Any CPU
		{0DF98486-F3F0-4DC6-8146-934DEFEEB32D}.Debug|Any CPU.Build.0 = Debug|Any CPU
		{0DF98486-F3F0-4DC6-8146-934DEFEEB32D}.Release|Any CPU.ActiveCfg = Release|Any CPU
		{0DF98486-F3F0-4DC6-8146-934DEFEEB32D}.Release|Any CPU.Build.0 = Release|Any CPU
		{C4CD2D63-632A-44F5-9DC6-5BFC9727D66D}.Debug|Any CPU.ActiveCfg = Debug|Any CPU
		{C4CD2D63-632A-44F5-9DC6-5BFC9727D66D}.Debug|Any CPU.Build.0 = Debug|Any CPU
		{C4CD2D63-632A-44F5-9DC6-5BFC9727D66D}.Release|Any CPU.ActiveCfg = Release|Any CPU
		{C4CD2D63-632A-44F5-9DC6-5BFC9727D66D}.Release|Any CPU.Build.0 = Release|Any CPU
		{FED25DF6-F058-4396-86A8-6C523EC70389}.Debug|Any CPU.ActiveCfg = Debug|Any CPU
		{FED25DF6-F058-4396-86A8-6C523EC70389}.Debug|Any CPU.Build.0 = Debug|Any CPU
		{FED25DF6-F058-4396-86A8-6C523EC70389}.Release|Any CPU.ActiveCfg = Release|Any CPU
		{FED25DF6-F058-4396-86A8-6C523EC70389}.Release|Any CPU.Build.0 = Release|Any CPU
		{5755C9C0-02AB-403D-8926-CDCD62399CD4}.Debug|Any CPU.ActiveCfg = Debug|Any CPU
		{5755C9C0-02AB-403D-8926-CDCD62399CD4}.Debug|Any CPU.Build.0 = Debug|Any CPU
		{5755C9C0-02AB-403D-8926-CDCD62399CD4}.Release|Any CPU.ActiveCfg = Release|Any CPU
		{5755C9C0-02AB-403D-8926-CDCD62399CD4}.Release|Any CPU.Build.0 = Release|Any CPU
	EndGlobalSection
	GlobalSection(SolutionProperties) = preSolution
		HideSolutionNode = FALSE
	EndGlobalSection
	GlobalSection(ExtensibilityGlobals) = postSolution
		SolutionGuid = {018CFE11-C888-4882-8805-5639BF53B247}
	EndGlobalSection
EndGlobal
